{
    "_readme": [
        "This file locks the dependencies of your project to a known state",
        "Read more about it at https://getcomposer.org/doc/01-basic-usage.md#composer-lock-the-lock-file",
        "This file is @generated automatically"
    ],
    "content-hash": "0da0963852f3930b6b02508fa235412b",
    "packages": [
        {
            "name": "bower-asset/bootbox",
            "version": "v4.4.0",
            "source": {
                "type": "git",
                "url": "https://github.com/makeusabrew/bootbox.git",
                "reference": "cb756203e250ed0ff2539359ff0ad1c3ffb8e8d3"
            },
            "dist": {
                "type": "zip",
                "url": "https://api.github.com/repos/makeusabrew/bootbox/zipball/cb756203e250ed0ff2539359ff0ad1c3ffb8e8d3",
                "reference": "cb756203e250ed0ff2539359ff0ad1c3ffb8e8d3",
                "shasum": null
            },
            "require": {
                "bower-asset/bootstrap": ">=3.0.0"
            },
            "type": "bower-asset"
        },
        {
            "name": "bower-asset/bootstrap",
            "version": "v4.1.1",
            "source": {
                "type": "git",
                "url": "https://github.com/twbs/bootstrap.git",
                "reference": "779ad9f174ea5ab7e755f6df0ec9e5912d67dd16"
            },
            "dist": {
                "type": "zip",
                "url": "https://api.github.com/repos/twbs/bootstrap/zipball/779ad9f174ea5ab7e755f6df0ec9e5912d67dd16",
                "reference": "779ad9f174ea5ab7e755f6df0ec9e5912d67dd16",
                "shasum": null
            },
            "type": "bower-asset"
        },
        {
            "name": "bower-asset/datatables",
            "version": "1.10.16",
            "source": {
                "type": "git",
                "url": "git@github.com:DataTables/DataTables.git",
                "reference": "75a665f64f02982c0f4666b15a25c4670e5e6b18"
            },
            "dist": {
                "type": "zip",
                "url": "https://api.github.com/repos/DataTables/DataTables/zipball/75a665f64f02982c0f4666b15a25c4670e5e6b18",
                "reference": "75a665f64f02982c0f4666b15a25c4670e5e6b18",
                "shasum": null
            },
            "require": {
                "bower-asset/jquery": ">=1.7.0"
            },
            "type": "bower-asset",
            "license": [
                "MIT"
            ]
        },
        {
            "name": "bower-asset/drmonty-datatables-plugins",
            "version": "1.10.16",
            "source": {
                "type": "git",
                "url": "git@github.com:drmonty/datatables-plugins.git",
                "reference": "97ef502c3c9d0467e45d1c96bd57843755f0de07"
            },
            "dist": {
                "type": "zip",
                "url": "https://api.github.com/repos/drmonty/datatables-plugins/zipball/97ef502c3c9d0467e45d1c96bd57843755f0de07",
                "reference": "97ef502c3c9d0467e45d1c96bd57843755f0de07",
                "shasum": null
            },
            "require": {
                "bower-asset/jquery": ">=1.7"
            },
            "type": "bower-asset"
        },
        {
            "name": "bower-asset/jquery",
            "version": "3.3.1",
            "source": {
                "type": "git",
                "url": "https://github.com/jquery/jquery-dist.git",
                "reference": "9e8ec3d10fad04748176144f108d7355662ae75e"
            },
            "dist": {
                "type": "zip",
                "url": "https://api.github.com/repos/jquery/jquery-dist/zipball/9e8ec3d10fad04748176144f108d7355662ae75e",
                "reference": "9e8ec3d10fad04748176144f108d7355662ae75e",
                "shasum": null
            },
            "type": "bower-asset",
            "license": [
                "MIT"
            ]
        },
        {
            "name": "bower-asset/jquery-color",
            "version": "2.1.2",
            "source": {
                "type": "git",
                "url": "git@github.com:jquery/jquery-color.git",
                "reference": "9e5e04c1c4ee66427fbe04cfce8155b76748ca64"
            },
            "dist": {
                "type": "zip",
                "url": "https://api.github.com/repos/jquery/jquery-color/zipball/9e5e04c1c4ee66427fbe04cfce8155b76748ca64",
                "reference": "9e5e04c1c4ee66427fbe04cfce8155b76748ca64",
                "shasum": null
            },
            "type": "bower-asset"
        },
        {
            "name": "bower-asset/moment",
            "version": "2.22.1",
            "source": {
                "type": "git",
                "url": "https://github.com/moment/moment.git",
                "reference": "c58511b94eba1000c1d66b23e9a9ff963ff1cc89"
            },
            "dist": {
                "type": "zip",
                "url": "https://api.github.com/repos/moment/moment/zipball/c58511b94eba1000c1d66b23e9a9ff963ff1cc89",
                "reference": "c58511b94eba1000c1d66b23e9a9ff963ff1cc89",
                "shasum": null
            },
            "type": "bower-asset",
            "license": [
                "MIT"
            ]
        },
        {
            "name": "bower-asset/open-iconic",
            "version": "1.1.1",
            "source": {
                "type": "git",
                "url": "git@github.com:iconic/open-iconic.git",
                "reference": "1d1e8885c5031874b32f4e480e371ce2b1c24144"
            },
            "dist": {
                "type": "zip",
                "url": "https://api.github.com/repos/iconic/open-iconic/zipball/1d1e8885c5031874b32f4e480e371ce2b1c24144",
                "reference": "1d1e8885c5031874b32f4e480e371ce2b1c24144",
                "shasum": null
            },
            "type": "bower-asset",
            "license": [
                "MIT",
                "OFL-1.1"
            ]
        },
        {
            "name": "sam-it/yii1-datatables",
            "version": "dev-master",
            "source": {
                "type": "git",
                "url": "https://github.com/SAM-IT/yii1-datatables.git",
                "reference": "900bc96fe263519265565ca563c51ff6333a44f5"
            },
            "dist": {
                "type": "zip",
                "url": "https://api.github.com/repos/SAM-IT/yii1-datatables/zipball/900bc96fe263519265565ca563c51ff6333a44f5",
                "reference": "900bc96fe263519265565ca563c51ff6333a44f5",
                "shasum": ""
            },
            "require": {
                "bower-asset/datatables": "^1.10.0",
                "bower-asset/drmonty-datatables-plugins": "^1.0",
                "bower-asset/jquery-color": "^2.1",
                "bower-asset/moment": "^2.1",
                "php": ">=5.4.0"
            },
            "type": "library",
            "autoload": {
                "psr-4": {
                    "SamIT\\Yii1\\DataTables\\": "src/"
                }
            },
            "notification-url": "https://packagist.org/downloads/",
            "license": [
                "MIT"
            ],
            "authors": [
                {
                    "name": "Sam Mousa",
                    "email": "sam@mousa.nl"
                }
            ],
            "description": "Yii widget wrapper for DataTables",
            "time": "2018-05-21T11:13:19+00:00"
        }
    ],
    "packages-dev": [],
    "aliases": [],
    "minimum-stability": "stable",
    "stability-flags": {
        "sam-it/yii1-datatables": 20
    },
    "prefer-stable": false,
    "prefer-lowest": false,
    "platform": [],
    "platform-dev": []
}
